// !$*UTF8*$!
{
	archiveVersion = 1;
	classes = {
	};
	objectVersion = 55;
	objects = {

/* Begin PBXBuildFile section */
		9A3D1FC429CD545200A20B1C /* HexagonParameters.swift in Sources */ = {isa = PBXBuildFile; fileRef = 9A3D1FC329CD545200A20B1C /* HexagonParameters.swift */; };
		9A3D1FC629CD55FB00A20B1C /* BadgeBackground.swift in Sources */ = {isa = PBXBuildFile; fileRef = 9A3D1FC529CD55FB00A20B1C /* BadgeBackground.swift */; };
		9A3D1FC829CD5CF700A20B1C /* BadgeSymbol.swift in Sources */ = {isa = PBXBuildFile; fileRef = 9A3D1FC729CD5CF700A20B1C /* BadgeSymbol.swift */; };
		9A3D1FCA29CD71E100A20B1C /* RotatedBadgeSymbol.swift in Sources */ = {isa = PBXBuildFile; fileRef = 9A3D1FC929CD71E100A20B1C /* RotatedBadgeSymbol.swift */; };
		9A3D1FCC29CD724500A20B1C /* Badge.swift in Sources */ = {isa = PBXBuildFile; fileRef = 9A3D1FCB29CD724500A20B1C /* Badge.swift */; };
		9A3D1FD029CD75CC00A20B1C /* hikeData.json in Resources */ = {isa = PBXBuildFile; fileRef = 9A3D1FCF29CD75CC00A20B1C /* hikeData.json */; };
		9A3D1FD229CD760500A20B1C /* Hike.swift in Sources */ = {isa = PBXBuildFile; fileRef = 9A3D1FD129CD760500A20B1C /* Hike.swift */; };
		9A3D1FD829CD774C00A20B1C /* GraphCapsule.swift in Sources */ = {isa = PBXBuildFile; fileRef = 9A3D1FD429CD774C00A20B1C /* GraphCapsule.swift */; };
		9A3D1FD929CD774C00A20B1C /* HikeGraph.swift in Sources */ = {isa = PBXBuildFile; fileRef = 9A3D1FD529CD774C00A20B1C /* HikeGraph.swift */; };
		9A3D1FDA29CD774C00A20B1C /* HikeDetail.swift in Sources */ = {isa = PBXBuildFile; fileRef = 9A3D1FD629CD774C00A20B1C /* HikeDetail.swift */; };
		9A3D1FDB29CD774C00A20B1C /* HikeView.swift in Sources */ = {isa = PBXBuildFile; fileRef = 9A3D1FD729CD774C00A20B1C /* HikeView.swift */; };
		9A3D1FDE29CD7D1800A20B1C /* CategoryHome.swift in Sources */ = {isa = PBXBuildFile; fileRef = 9A3D1FDD29CD7D1800A20B1C /* CategoryHome.swift */; };
		9A3D1FE029CD806A00A20B1C /* CategoryRow.swift in Sources */ = {isa = PBXBuildFile; fileRef = 9A3D1FDF29CD806A00A20B1C /* CategoryRow.swift */; };
		9A3D1FE229CD823600A20B1C /* CategoryItem.swift in Sources */ = {isa = PBXBuildFile; fileRef = 9A3D1FE129CD823600A20B1C /* CategoryItem.swift */; };
		9A915F7B29CBFF0F00D7FEBA /* LandmarkRow.swift in Sources */ = {isa = PBXBuildFile; fileRef = 9A915F7A29CBFF0F00D7FEBA /* LandmarkRow.swift */; };
		9A915F7D29CC071E00D7FEBA /* LandmarkList.swift in Sources */ = {isa = PBXBuildFile; fileRef = 9A915F7C29CC071E00D7FEBA /* LandmarkList.swift */; };
		9A915F7F29CC216300D7FEBA /* LandmarkDetail.swift in Sources */ = {isa = PBXBuildFile; fileRef = 9A915F7E29CC216300D7FEBA /* LandmarkDetail.swift */; };
		9A915F8129CC3A6900D7FEBA /* FavoriteButton.swift in Sources */ = {isa = PBXBuildFile; fileRef = 9A915F8029CC3A6900D7FEBA /* FavoriteButton.swift */; };
		9AB745A929CBEAE60063520D /* LandmarkListApp.swift in Sources */ = {isa = PBXBuildFile; fileRef = 9AB745A829CBEAE60063520D /* LandmarkListApp.swift */; };
		9AB745AB29CBEAE60063520D /* ContentView.swift in Sources */ = {isa = PBXBuildFile; fileRef = 9AB745AA29CBEAE60063520D /* ContentView.swift */; };
		9AB745AD29CBEAE80063520D /* Assets.xcassets in Resources */ = {isa = PBXBuildFile; fileRef = 9AB745AC29CBEAE80063520D /* Assets.xcassets */; };
		9AB745B029CBEAE80063520D /* Preview Assets.xcassets in Resources */ = {isa = PBXBuildFile; fileRef = 9AB745AF29CBEAE80063520D /* Preview Assets.xcassets */; };
		9AB745B729CBEB290063520D /* Landmark.swift in Sources */ = {isa = PBXBuildFile; fileRef = 9AB745B629CBEB280063520D /* Landmark.swift */; };
		9AB745D329CBEB5F0063520D /* rainbowlake@2x.jpg in Resources */ = {isa = PBXBuildFile; fileRef = 9AB745C629CBEB5F0063520D /* rainbowlake@2x.jpg */; };
		9AB745D429CBEB5F0063520D /* landmarkData.json in Resources */ = {isa = PBXBuildFile; fileRef = 9AB745C729CBEB5F0063520D /* landmarkData.json */; };
		9AFDEC8629CBF6B500533202 /* ModelData.swift in Sources */ = {isa = PBXBuildFile; fileRef = 9AFDEC8529CBF6B500533202 /* ModelData.swift */; };
		9AFDEC8B29CBF9FC00533202 /* CircleImage.swift in Sources */ = {isa = PBXBuildFile; fileRef = 9AFDEC8A29CBF9FC00533202 /* CircleImage.swift */; };
		9AFDEC8D29CBFA1900533202 /* MapView.swift in Sources */ = {isa = PBXBuildFile; fileRef = 9AFDEC8C29CBFA1900533202 /* MapView.swift */; };
/* End PBXBuildFile section */

/* Begin PBXFileReference section */
		9A3D1FC329CD545200A20B1C /* HexagonParameters.swift */ = {isa = PBXFileReference; lastKnownFileType = sourcecode.swift; path = HexagonParameters.swift; sourceTree = "<group>"; };
		9A3D1FC529CD55FB00A20B1C /* BadgeBackground.swift */ = {isa = PBXFileReference; lastKnownFileType = sourcecode.swift; path = BadgeBackground.swift; sourceTree = "<group>"; };
		9A3D1FC729CD5CF700A20B1C /* BadgeSymbol.swift */ = {isa = PBXFileReference; lastKnownFileType = sourcecode.swift; path = BadgeSymbol.swift; sourceTree = "<group>"; };
		9A3D1FC929CD71E100A20B1C /* RotatedBadgeSymbol.swift */ = {isa = PBXFileReference; lastKnownFileType = sourcecode.swift; path = RotatedBadgeSymbol.swift; sourceTree = "<group>"; };
		9A3D1FCB29CD724500A20B1C /* Badge.swift */ = {isa = PBXFileReference; lastKnownFileType = sourcecode.swift; path = Badge.swift; sourceTree = "<group>"; };
		9A3D1FCF29CD75CC00A20B1C /* hikeData.json */ = {isa = PBXFileReference; fileEncoding = 4; lastKnownFileType = text.json; path = hikeData.json; sourceTree = "<group>"; };
		9A3D1FD129CD760500A20B1C /* Hike.swift */ = {isa = PBXFileReference; lastKnownFileType = sourcecode.swift; path = Hike.swift; sourceTree = "<group>"; };
		9A3D1FD429CD774C00A20B1C /* GraphCapsule.swift */ = {isa = PBXFileReference; fileEncoding = 4; lastKnownFileType = sourcecode.swift; path = GraphCapsule.swift; sourceTree = "<group>"; };
		9A3D1FD529CD774C00A20B1C /* HikeGraph.swift */ = {isa = PBXFileReference; fileEncoding = 4; lastKnownFileType = sourcecode.swift; path = HikeGraph.swift; sourceTree = "<group>"; };
		9A3D1FD629CD774C00A20B1C /* HikeDetail.swift */ = {isa = PBXFileReference; fileEncoding = 4; lastKnownFileType = sourcecode.swift; path = HikeDetail.swift; sourceTree = "<group>"; };
		9A3D1FD729CD774C00A20B1C /* HikeView.swift */ = {isa = PBXFileReference; fileEncoding = 4; lastKnownFileType = sourcecode.swift; path = HikeView.swift; sourceTree = "<group>"; };
		9A3D1FDD29CD7D1800A20B1C /* CategoryHome.swift */ = {isa = PBXFileReference; lastKnownFileType = sourcecode.swift; path = CategoryHome.swift; sourceTree = "<group>"; };
		9A3D1FDF29CD806A00A20B1C /* CategoryRow.swift */ = {isa = PBXFileReference; lastKnownFileType = sourcecode.swift; path = CategoryRow.swift; sourceTree = "<group>"; };
		9A3D1FE129CD823600A20B1C /* CategoryItem.swift */ = {isa = PBXFileReference; lastKnownFileType = sourcecode.swift; path = CategoryItem.swift; sourceTree = "<group>"; };
		9A915F7A29CBFF0F00D7FEBA /* LandmarkRow.swift */ = {isa = PBXFileReference; lastKnownFileType = sourcecode.swift; path = LandmarkRow.swift; sourceTree = "<group>"; };
		9A915F7C29CC071E00D7FEBA /* LandmarkList.swift */ = {isa = PBXFileReference; lastKnownFileType = sourcecode.swift; path = LandmarkList.swift; sourceTree = "<group>"; };
		9A915F7E29CC216300D7FEBA /* LandmarkDetail.swift */ = {isa = PBXFileReference; lastKnownFileType = sourcecode.swift; path = LandmarkDetail.swift; sourceTree = "<group>"; };
		9A915F8029CC3A6900D7FEBA /* FavoriteButton.swift */ = {isa = PBXFileReference; lastKnownFileType = sourcecode.swift; path = FavoriteButton.swift; sourceTree = "<group>"; };
		9AB745A529CBEAE60063520D /* LandmarkList.app */ = {isa = PBXFileReference; explicitFileType = wrapper.application; includeInIndex = 0; path = LandmarkList.app; sourceTree = BUILT_PRODUCTS_DIR; };
		9AB745A829CBEAE60063520D /* LandmarkListApp.swift */ = {isa = PBXFileReference; lastKnownFileType = sourcecode.swift; path = LandmarkListApp.swift; sourceTree = "<group>"; };
		9AB745AA29CBEAE60063520D /* ContentView.swift */ = {isa = PBXFileReference; lastKnownFileType = sourcecode.swift; path = ContentView.swift; sourceTree = "<group>"; };
		9AB745AC29CBEAE80063520D /* Assets.xcassets */ = {isa = PBXFileReference; lastKnownFileType = folder.assetcatalog; path = Assets.xcassets; sourceTree = "<group>"; };
		9AB745AF29CBEAE80063520D /* Preview Assets.xcassets */ = {isa = PBXFileReference; lastKnownFileType = folder.assetcatalog; path = "Preview Assets.xcassets"; sourceTree = "<group>"; };
		9AB745B629CBEB280063520D /* Landmark.swift */ = {isa = PBXFileReference; lastKnownFileType = sourcecode.swift; path = Landmark.swift; sourceTree = "<group>"; };
		9AB745C629CBEB5F0063520D /* rainbowlake@2x.jpg */ = {isa = PBXFileReference; lastKnownFileType = image.jpeg; path = "rainbowlake@2x.jpg"; sourceTree = "<group>"; };
		9AB745C729CBEB5F0063520D /* landmarkData.json */ = {isa = PBXFileReference; fileEncoding = 4; lastKnownFileType = text.json; path = landmarkData.json; sourceTree = "<group>"; };
		9AFDEC8529CBF6B500533202 /* ModelData.swift */ = {isa = PBXFileReference; lastKnownFileType = sourcecode.swift; path = ModelData.swift; sourceTree = "<group>"; };
		9AFDEC8A29CBF9FC00533202 /* CircleImage.swift */ = {isa = PBXFileReference; lastKnownFileType = sourcecode.swift; path = CircleImage.swift; sourceTree = "<group>"; };
		9AFDEC8C29CBFA1900533202 /* MapView.swift */ = {isa = PBXFileReference; lastKnownFileType = sourcecode.swift; path = MapView.swift; sourceTree = "<group>"; };
/* End PBXFileReference section */

/* Begin PBXFrameworksBuildPhase section */
		9AB745A229CBEAE60063520D /* Frameworks */ = {
			isa = PBXFrameworksBuildPhase;
			buildActionMask = 2147483647;
			files = (
			);
			runOnlyForDeploymentPostprocessing = 0;
		};
/* End PBXFrameworksBuildPhase section */

/* Begin PBXGroup section */
		9A3D1FCD29CD744F00A20B1C /* Badges */ = {
			isa = PBXGroup;
			children = (
				9A3D1FCB29CD724500A20B1C /* Badge.swift */,
				9A3D1FC729CD5CF700A20B1C /* BadgeSymbol.swift */,
				9A3D1FC329CD545200A20B1C /* HexagonParameters.swift */,
				9A3D1FC929CD71E100A20B1C /* RotatedBadgeSymbol.swift */,
				9A3D1FC529CD55FB00A20B1C /* BadgeBackground.swift */,
			);
			path = Badges;
			sourceTree = "<group>";
		};
		9A3D1FCE29CD748600A20B1C /* Landmarks */ = {
			isa = PBXGroup;
			children = (
				9A915F7A29CBFF0F00D7FEBA /* LandmarkRow.swift */,
				9A915F7C29CC071E00D7FEBA /* LandmarkList.swift */,
				9A915F7E29CC216300D7FEBA /* LandmarkDetail.swift */,
			);
			name = Landmarks;
			sourceTree = "<group>";
		};
		9A3D1FD329CD774C00A20B1C /* Hikes */ = {
			isa = PBXGroup;
			children = (
				9A3D1FD429CD774C00A20B1C /* GraphCapsule.swift */,
				9A3D1FD529CD774C00A20B1C /* HikeGraph.swift */,
				9A3D1FD629CD774C00A20B1C /* HikeDetail.swift */,
				9A3D1FD729CD774C00A20B1C /* HikeView.swift */,
			);
			path = Hikes;
			sourceTree = "<group>";
		};
		9A3D1FDC29CD7CEE00A20B1C /* Categories */ = {
			isa = PBXGroup;
			children = (
				9A3D1FDD29CD7D1800A20B1C /* CategoryHome.swift */,
				9A3D1FDF29CD806A00A20B1C /* CategoryRow.swift */,
				9A3D1FE129CD823600A20B1C /* CategoryItem.swift */,
			);
			name = Categories;
			path = Hikes;
			sourceTree = "<group>";
		};
		9A915F8229CC3B7600D7FEBA /* helpers */ = {
			isa = PBXGroup;
			children = (
				9A915F8029CC3A6900D7FEBA /* FavoriteButton.swift */,
				9AFDEC8C29CBFA1900533202 /* MapView.swift */,
				9AFDEC8A29CBF9FC00533202 /* CircleImage.swift */,
			);
			name = helpers;
			sourceTree = "<group>";
		};
		9AB7459C29CBEAE60063520D = {
			isa = PBXGroup;
			children = (
				9AB745A729CBEAE60063520D /* Landmark */,
				9AB745A629CBEAE60063520D /* Products */,
			);
			sourceTree = "<group>";
		};
		9AB745A629CBEAE60063520D /* Products */ = {
			isa = PBXGroup;
			children = (
				9AB745A529CBEAE60063520D /* LandmarkList.app */,
			);
			name = Products;
			sourceTree = "<group>";
		};
		9AB745A729CBEAE60063520D /* Landmark */ = {
			isa = PBXGroup;
			children = (
				9A915F8229CC3B7600D7FEBA /* helpers */,
				9AFDEC8929CBF96C00533202 /* model */,
				9AFDEC8829CBF96200533202 /* view */,
				9AB745B829CBEB5F0063520D /* Resources */,
				9AB745A829CBEAE60063520D /* LandmarkListApp.swift */,
				9AB745AC29CBEAE80063520D /* Assets.xcassets */,
				9AB745C629CBEB5F0063520D /* rainbowlake@2x.jpg */,
				9AB745AE29CBEAE80063520D /* Preview Content */,
			);
			path = Landmark;
			sourceTree = "<group>";
		};
		9AB745AE29CBEAE80063520D /* Preview Content */ = {
			isa = PBXGroup;
			children = (
				9AB745AF29CBEAE80063520D /* Preview Assets.xcassets */,
			);
			path = "Preview Content";
			sourceTree = "<group>";
		};
		9AB745B829CBEB5F0063520D /* Resources */ = {
			isa = PBXGroup;
			children = (
				9A3D1FCF29CD75CC00A20B1C /* hikeData.json */,
				9AB745C729CBEB5F0063520D /* landmarkData.json */,
			);
			path = Resources;
			sourceTree = "<group>";
		};
		9AFDEC8829CBF96200533202 /* view */ = {
			isa = PBXGroup;
			children = (
				9A3D1FDC29CD7CEE00A20B1C /* Categories */,
				9A3D1FD329CD774C00A20B1C /* Hikes */,
				9A3D1FCE29CD748600A20B1C /* Landmarks */,
				9A3D1FCD29CD744F00A20B1C /* Badges */,
				9AB745AA29CBEAE60063520D /* ContentView.swift */,
			);
			name = view;
			sourceTree = "<group>";
		};
		9AFDEC8929CBF96C00533202 /* model */ = {
			isa = PBXGroup;
			children = (
				9AFDEC8529CBF6B500533202 /* ModelData.swift */,
				9A3D1FD129CD760500A20B1C /* Hike.swift */,
				9AB745B629CBEB280063520D /* Landmark.swift */,
			);
			path = model;
			sourceTree = "<group>";
		};
/* End PBXGroup section */

/* Begin PBXNativeTarget section */
		9AB745A429CBEAE60063520D /* Landmark */ = {
			isa = PBXNativeTarget;
			buildConfigurationList = 9AB745B329CBEAE80063520D /* Build configuration list for PBXNativeTarget "Landmark" */;
			buildPhases = (
				9AB745A129CBEAE60063520D /* Sources */,
				9AB745A229CBEAE60063520D /* Frameworks */,
				9AB745A329CBEAE60063520D /* Resources */,
			);
			buildRules = (
			);
			dependencies = (
			);
			name = Landmark;
			productName = BuildingListsAndNavigation;
			productReference = 9AB745A529CBEAE60063520D /* LandmarkList.app */;
			productType = "com.apple.product-type.application";
		};
/* End PBXNativeTarget section */

/* Begin PBXProject section */
		9AB7459D29CBEAE60063520D /* Project object */ = {
			isa = PBXProject;
			attributes = {
				BuildIndependentTargetsInParallel = 1;
				LastSwiftUpdateCheck = 1340;
				LastUpgradeCheck = 1340;
				TargetAttributes = {
					9AB745A429CBEAE60063520D = {
						CreatedOnToolsVersion = 13.4.1;
					};
				};
			};
			buildConfigurationList = 9AB745A029CBEAE60063520D /* Build configuration list for PBXProject "Landmark" */;
			compatibilityVersion = "Xcode 13.0";
			developmentRegion = en;
			hasScannedForEncodings = 0;
			knownRegions = (
				en,
				Base,
			);
			mainGroup = 9AB7459C29CBEAE60063520D;
			productRefGroup = 9AB745A629CBEAE60063520D /* Products */;
			projectDirPath = "";
			projectRoot = "";
			targets = (
				9AB745A429CBEAE60063520D /* Landmark */,
			);
		};
/* End PBXProject section */

/* Begin PBXResourcesBuildPhase section */
		9AB745A329CBEAE60063520D /* Resources */ = {
			isa = PBXResourcesBuildPhase;
			buildActionMask = 2147483647;
			files = (
				9AB745D329CBEB5F0063520D /* rainbowlake@2x.jpg in Resources */,
				9AB745B029CBEAE80063520D /* Preview Assets.xcassets in Resources */,
				9AB745D429CBEB5F0063520D /* landmarkData.json in Resources */,
				9AB745AD29CBEAE80063520D /* Assets.xcassets in Resources */,
				9A3D1FD029CD75CC00A20B1C /* hikeData.json in Resources */,
			);
			runOnlyForDeploymentPostprocessing = 0;
		};
/* End PBXResourcesBuildPhase section */

/* Begin PBXSourcesBuildPhase section */
		9AB745A129CBEAE60063520D /* Sources */ = {
			isa = PBXSourcesBuildPhase;
			buildActionMask = 2147483647;
			files = (
				9A3D1FE029CD806A00A20B1C /* CategoryRow.swift in Sources */,
				9AB745AB29CBEAE60063520D /* ContentView.swift in Sources */,
				9A3D1FDE29CD7D1800A20B1C /* CategoryHome.swift in Sources */,
				9A3D1FD929CD774C00A20B1C /* HikeGraph.swift in Sources */,
				9A3D1FCC29CD724500A20B1C /* Badge.swift in Sources */,
				9AFDEC8D29CBFA1900533202 /* MapView.swift in Sources */,
				9A3D1FD829CD774C00A20B1C /* GraphCapsule.swift in Sources */,
				9AFDEC8629CBF6B500533202 /* ModelData.swift in Sources */,
				9A915F8129CC3A6900D7FEBA /* FavoriteButton.swift in Sources */,
				9A3D1FE229CD823600A20B1C /* CategoryItem.swift in Sources */,
				9A3D1FDA29CD774C00A20B1C /* HikeDetail.swift in Sources */,
				9A3D1FC429CD545200A20B1C /* HexagonParameters.swift in Sources */,
				9A3D1FD229CD760500A20B1C /* Hike.swift in Sources */,
				9A3D1FCA29CD71E100A20B1C /* RotatedBadgeSymbol.swift in Sources */,
				9A3D1FC829CD5CF700A20B1C /* BadgeSymbol.swift in Sources */,
				9A915F7D29CC071E00D7FEBA /* LandmarkList.swift in Sources */,
				9A3D1FDB29CD774C00A20B1C /* HikeView.swift in Sources */,
				9A915F7F29CC216300D7FEBA /* LandmarkDetail.swift in Sources */,
				9A3D1FC629CD55FB00A20B1C /* BadgeBackground.swift in Sources */,
				9AB745A929CBEAE60063520D /* LandmarkListApp.swift in Sources */,
				9AB745B729CBEB290063520D /* Landmark.swift in Sources */,
				9A915F7B29CBFF0F00D7FEBA /* LandmarkRow.swift in Sources */,
				9AFDEC8B29CBF9FC00533202 /* CircleImage.swift in Sources */,
			);
			runOnlyForDeploymentPostprocessing = 0;
		};
/* End PBXSourcesBuildPhase section */

/* Begin XCBuildConfiguration section */
		9AB745B129CBEAE80063520D /* Debug */ = {
			isa = XCBuildConfiguration;
			buildSettings = {
				ALWAYS_SEARCH_USER_PATHS = NO;
				CLANG_ANALYZER_NONNULL = YES;
				CLANG_ANALYZER_NUMBER_OBJECT_CONVERSION = YES_AGGRESSIVE;
				CLANG_CXX_LANGUAGE_STANDARD = "gnu++17";
				CLANG_ENABLE_MODULES = YES;
				CLANG_ENABLE_OBJC_ARC = YES;
				CLANG_ENABLE_OBJC_WEAK = YES;
				CLANG_WARN_BLOCK_CAPTURE_AUTORELEASING = YES;
				CLANG_WARN_BOOL_CONVERSION = YES;
				CLANG_WARN_COMMA = YES;
				CLANG_WARN_CONSTANT_CONVERSION = YES;
				CLANG_WARN_DEPRECATED_OBJC_IMPLEMENTATIONS = YES;
				CLANG_WARN_DIRECT_OBJC_ISA_USAGE = YES_ERROR;
				CLANG_WARN_DOCUMENTATION_COMMENTS = YES;
				CLANG_WARN_EMPTY_BODY = YES;
				CLANG_WARN_ENUM_CONVERSION = YES;
				CLANG_WARN_INFINITE_RECURSION = YES;
				CLANG_WARN_INT_CONVERSION = YES;
				CLANG_WARN_NON_LITERAL_NULL_CONVERSION = YES;
				CLANG_WARN_OBJC_IMPLICIT_RETAIN_SELF = YES;
				CLANG_WARN_OBJC_LITERAL_CONVERSION = YES;
				CLANG_WARN_OBJC_ROOT_CLASS = YES_ERROR;
				CLANG_WARN_QUOTED_INCLUDE_IN_FRAMEWORK_HEADER = YES;
				CLANG_WARN_RANGE_LOOP_ANALYSIS = YES;
				CLANG_WARN_STRICT_PROTOTYPES = YES;
				CLANG_WARN_SUSPICIOUS_MOVE = YES;
				CLANG_WARN_UNGUARDED_AVAILABILITY = YES_AGGRESSIVE;
				CLANG_WARN_UNREACHABLE_CODE = YES;
				CLANG_WARN__DUPLICATE_METHOD_MATCH = YES;
				COPY_PHASE_STRIP = NO;
				DEBUG_INFORMATION_FORMAT = dwarf;
				ENABLE_STRICT_OBJC_MSGSEND = YES;
				ENABLE_TESTABILITY = YES;
				GCC_C_LANGUAGE_STANDARD = gnu11;
				GCC_DYNAMIC_NO_PIC = NO;
				GCC_NO_COMMON_BLOCKS = YES;
				GCC_OPTIMIZATION_LEVEL = 0;
				GCC_PREPROCESSOR_DEFINITIONS = (
					"DEBUG=1",
					"$(inherited)",
				);
				GCC_WARN_64_TO_32_BIT_CONVERSION = YES;
				GCC_WARN_ABOUT_RETURN_TYPE = YES_ERROR;
				GCC_WARN_UNDECLARED_SELECTOR = YES;
				GCC_WARN_UNINITIALIZED_AUTOS = YES_AGGRESSIVE;
				GCC_WARN_UNUSED_FUNCTION = YES;
				GCC_WARN_UNUSED_VARIABLE = YES;
				IPHONEOS_DEPLOYMENT_TARGET = 15.5;
				MTL_ENABLE_DEBUG_INFO = INCLUDE_SOURCE;
				MTL_FAST_MATH = YES;
				ONLY_ACTIVE_ARCH = YES;
				SDKROOT = iphoneos;
				SWIFT_ACTIVE_COMPILATION_CONDITIONS = DEBUG;
				SWIFT_OPTIMIZATION_LEVEL = "-Onone";
			};
			name = Debug;
		};
		9AB745B229CBEAE80063520D /* Release */ = {
			isa = XCBuildConfiguration;
			buildSettings = {
				ALWAYS_SEARCH_USER_PATHS = NO;
				CLANG_ANALYZER_NONNULL = YES;
				CLANG_ANALYZER_NUMBER_OBJECT_CONVERSION = YES_AGGRESSIVE;
				CLANG_CXX_LANGUAGE_STANDARD = "gnu++17";
				CLANG_ENABLE_MODULES = YES;
				CLANG_ENABLE_OBJC_ARC = YES;
				CLANG_ENABLE_OBJC_WEAK = YES;
				CLANG_WARN_BLOCK_CAPTURE_AUTORELEASING = YES;
				CLANG_WARN_BOOL_CONVERSION = YES;
				CLANG_WARN_COMMA = YES;
				CLANG_WARN_CONSTANT_CONVERSION = YES;
				CLANG_WARN_DEPRECATED_OBJC_IMPLEMENTATIONS = YES;
				CLANG_WARN_DIRECT_OBJC_ISA_USAGE = YES_ERROR;
				CLANG_WARN_DOCUMENTATION_COMMENTS = YES;
				CLANG_WARN_EMPTY_BODY = YES;
				CLANG_WARN_ENUM_CONVERSION = YES;
				CLANG_WARN_INFINITE_RECURSION = YES;
				CLANG_WARN_INT_CONVERSION = YES;
				CLANG_WARN_NON_LITERAL_NULL_CONVERSION = YES;
				CLANG_WARN_OBJC_IMPLICIT_RETAIN_SELF = YES;
				CLANG_WARN_OBJC_LITERAL_CONVERSION = YES;
				CLANG_WARN_OBJC_ROOT_CLASS = YES_ERROR;
				CLANG_WARN_QUOTED_INCLUDE_IN_FRAMEWORK_HEADER = YES;
				CLANG_WARN_RANGE_LOOP_ANALYSIS = YES;
				CLANG_WARN_STRICT_PROTOTYPES = YES;
				CLANG_WARN_SUSPICIOUS_MOVE = YES;
				CLANG_WARN_UNGUARDED_AVAILABILITY = YES_AGGRESSIVE;
				CLANG_WARN_UNREACHABLE_CODE = YES;
				CLANG_WARN__DUPLICATE_METHOD_MATCH = YES;
				COPY_PHASE_STRIP = NO;
				DEBUG_INFORMATION_FORMAT = "dwarf-with-dsym";
				ENABLE_NS_ASSERTIONS = NO;
				ENABLE_STRICT_OBJC_MSGSEND = YES;
				GCC_C_LANGUAGE_STANDARD = gnu11;
				GCC_NO_COMMON_BLOCKS = YES;
				GCC_WARN_64_TO_32_BIT_CONVERSION = YES;
				GCC_WARN_ABOUT_RETURN_TYPE = YES_ERROR;
				GCC_WARN_UNDECLARED_SELECTOR = YES;
				GCC_WARN_UNINITIALIZED_AUTOS = YES_AGGRESSIVE;
				GCC_WARN_UNUSED_FUNCTION = YES;
				GCC_WARN_UNUSED_VARIABLE = YES;
				IPHONEOS_DEPLOYMENT_TARGET = 15.5;
				MTL_ENABLE_DEBUG_INFO = NO;
				MTL_FAST_MATH = YES;
				SDKROOT = iphoneos;
				SWIFT_COMPILATION_MODE = wholemodule;
				SWIFT_OPTIMIZATION_LEVEL = "-O";
				VALIDATE_PRODUCT = YES;
			};
			name = Release;
		};
		9AB745B429CBEAE80063520D /* Debug */ = {
			isa = XCBuildConfiguration;
			buildSettings = {
				ASSETCATALOG_COMPILER_APPICON_NAME = AppIcon;
				ASSETCATALOG_COMPILER_GLOBAL_ACCENT_COLOR_NAME = AccentColor;
				CODE_SIGN_STYLE = Automatic;
				CURRENT_PROJECT_VERSION = 1;
				DEVELOPMENT_ASSET_PATHS = "\"Landmark/Preview Content\"";
				DEVELOPMENT_TEAM = TDF8P7VTX7;
				ENABLE_PREVIEWS = YES;
				GENERATE_INFOPLIST_FILE = YES;
				INFOPLIST_KEY_UIApplicationSceneManifest_Generation = YES;
				INFOPLIST_KEY_UIApplicationSupportsIndirectInputEvents = YES;
				INFOPLIST_KEY_UILaunchScreen_Generation = YES;
				INFOPLIST_KEY_UISupportedInterfaceOrientations_iPad = "UIInterfaceOrientationPortrait UIInterfaceOrientationPortraitUpsideDown UIInterfaceOrientationLandscapeLeft UIInterfaceOrientationLandscapeRight";
				INFOPLIST_KEY_UISupportedInterfaceOrientations_iPhone = "UIInterfaceOrientationPortrait UIInterfaceOrientationLandscapeLeft UIInterfaceOrientationLandscapeRight";
				LD_RUNPATH_SEARCH_PATHS = (
					"$(inherited)",
					"@executable_path/Frameworks",
				);
				MARKETING_VERSION = 1.0;
				PRODUCT_BUNDLE_IDENTIFIER = com.nolions.landmark;
				PRODUCT_NAME = LandmarkList;
				SWIFT_EMIT_LOC_STRINGS = YES;
				SWIFT_VERSION = 5.0;
				TARGETED_DEVICE_FAMILY = "1,2";
			};
			name = Debug;
		};
		9AB745B529CBEAE80063520D /* Release */ = {
			isa = XCBuildConfiguration;
			buildSettings = {
				ASSETCATALOG_COMPILER_APPICON_NAME = AppIcon;
				ASSETCATALOG_COMPILER_GLOBAL_ACCENT_COLOR_NAME = AccentColor;
				CODE_SIGN_STYLE = Automatic;
				CURRENT_PROJECT_VERSION = 1;
				DEVELOPMENT_ASSET_PATHS = "\"Landmark/Preview Content\"";
				DEVELOPMENT_TEAM = TDF8P7VTX7;
				ENABLE_PREVIEWS = YES;
				GENERATE_INFOPLIST_FILE = YES;
				INFOPLIST_KEY_UIApplicationSceneManifest_Generation = YES;
				INFOPLIST_KEY_UIApplicationSupportsIndirectInputEvents = YES;
				INFOPLIST_KEY_UILaunchScreen_Generation = YES;
				INFOPLIST_KEY_UISupportedInterfaceOrientations_iPad = "UIInterfaceOrientationPortrait UIInterfaceOrientationPortraitUpsideDown UIInterfaceOrientationLandscapeLeft UIInterfaceOrientationLandscapeRight";
				INFOPLIST_KEY_UISupportedInterfaceOrientations_iPhone = "UIInterfaceOrientationPortrait UIInterfaceOrientationLandscapeLeft UIInterfaceOrientationLandscapeRight";
				LD_RUNPATH_SEARCH_PATHS = (
					"$(inherited)",
					"@executable_path/Frameworks",
				);
				MARKETING_VERSION = 1.0;
				PRODUCT_BUNDLE_IDENTIFIER = com.nolions.landmark;
				PRODUCT_NAME = LandmarkList;
				SWIFT_EMIT_LOC_STRINGS = YES;
				SWIFT_VERSION = 5.0;
				TARGETED_DEVICE_FAMILY = "1,2";
			};
			name = Release;
		};
/* End XCBuildConfiguration section */

/* Begin XCConfigurationList section */
		9AB745A029CBEAE60063520D /* Build configuration list for PBXProject "Landmark" */ = {
			isa = XCConfigurationList;
			buildConfigurations = (
				9AB745B129CBEAE80063520D /* Debug */,
				9AB745B229CBEAE80063520D /* Release */,
			);
			defaultConfigurationIsVisible = 0;
			defaultConfigurationName = Release;
		};
		9AB745B329CBEAE80063520D /* Build configuration list for PBXNativeTarget "Landmark" */ = {
			isa = XCConfigurationList;
			buildConfigurations = (
				9AB745B429CBEAE80063520D /* Debug */,
				9AB745B529CBEAE80063520D /* Release */,
			);
			defaultConfigurationIsVisible = 0;
			defaultConfigurationName = Release;
		};
/* End XCConfigurationList section */
	};
	rootObject = 9AB7459D29CBEAE60063520D /* Project object */;
}
